// !$*UTF8*$!
{
	archiveVersion = 1;
	classes = {
	};
	objectVersion = 50;
	objects = {

/* Begin PBXBuildFile section */
		8324F249230E8E0A0021AB0E /* AppDelegate.swift in Sources */ = {isa = PBXBuildFile; fileRef = 8324F248230E8E0A0021AB0E /* AppDelegate.swift */; };
		8324F24B230E8E0A0021AB0E /* SceneDelegate.swift in Sources */ = {isa = PBXBuildFile; fileRef = 8324F24A230E8E0A0021AB0E /* SceneDelegate.swift */; };
		8324F24D230E8E0A0021AB0E /* ViewController.swift in Sources */ = {isa = PBXBuildFile; fileRef = 8324F24C230E8E0A0021AB0E /* ViewController.swift */; };
		8324F250230E8E0A0021AB0E /* Main.storyboard in Resources */ = {isa = PBXBuildFile; fileRef = 8324F24E230E8E0A0021AB0E /* Main.storyboard */; };
		8324F252230E8E0E0021AB0E /* Assets.xcassets in Resources */ = {isa = PBXBuildFile; fileRef = 8324F251230E8E0E0021AB0E /* Assets.xcassets */; };
		8324F255230E8E0E0021AB0E /* LaunchScreen.storyboard in Resources */ = {isa = PBXBuildFile; fileRef = 8324F253230E8E0E0021AB0E /* LaunchScreen.storyboard */; };
/* End PBXBuildFile section */

/* Begin PBXFileReference section */
		8324F245230E8E0A0021AB0E /* OrderDrinkProject.app */ = {isa = PBXFileReference; explicitFileType = wrapper.application; includeInIndex = 0; path = OrderDrinkProject.app; sourceTree = BUILT_PRODUCTS_DIR; };
		8324F248230E8E0A0021AB0E /* AppDelegate.swift */ = {isa = PBXFileReference; lastKnownFileType = sourcecode.swift; path = AppDelegate.swift; sourceTree = "<group>"; };
		8324F24A230E8E0A0021AB0E /* SceneDelegate.swift */ = {isa = PBXFileReference; lastKnownFileType = sourcecode.swift; path = SceneDelegate.swift; sourceTree = "<group>"; };
		8324F24C230E8E0A0021AB0E /* ViewController.swift */ = {isa = PBXFileReference; lastKnownFileType = sourcecode.swift; path = ViewController.swift; sourceTree = "<group>"; };
		8324F24F230E8E0A0021AB0E /* Base */ = {isa = PBXFileReference; lastKnownFileType = file.storyboard; name = Base; path = Base.lproj/Main.storyboard; sourceTree = "<group>"; };
		8324F251230E8E0E0021AB0E /* Assets.xcassets */ = {isa = PBXFileReference; lastKnownFileType = folder.assetcatalog; path = Assets.xcassets; sourceTree = "<group>"; };
		8324F254230E8E0E0021AB0E /* Base */ = {isa = PBXFileReference; lastKnownFileType = file.storyboard; name = Base; path = Base.lproj/LaunchScreen.storyboard; sourceTree = "<group>"; };
		8324F256230E8E0E0021AB0E /* Info.plist */ = {isa = PBXFileReference; lastKnownFileType = text.plist.xml; path = Info.plist; sourceTree = "<group>"; };
/* End PBXFileReference section */

/* Begin PBXFrameworksBuildPhase section */
		8324F242230E8E0A0021AB0E /* Frameworks */ = {
			isa = PBXFrameworksBuildPhase;
			buildActionMask = 2147483647;
			files = (
			);
			runOnlyForDeploymentPostprocessing = 0;
		};
/* End PBXFrameworksBuildPhase section */

/* Begin PBXGroup section */
		8324F23C230E8E0A0021AB0E = {
			isa = PBXGroup;
			children = (
				8324F247230E8E0A0021AB0E /* OrderDrinkProject */,
				8324F246230E8E0A0021AB0E /* Products */,
			);
			sourceTree = "<group>";
		};
		8324F246230E8E0A0021AB0E /* Products */ = {
			isa = PBXGroup;
			children = (
				8324F245230E8E0A0021AB0E /* OrderDrinkProject.app */,
			);
			name = Products;
			sourceTree = "<group>";
		};
		8324F247230E8E0A0021AB0E /* OrderDrinkProject */ = {
			isa = PBXGroup;
			children = (
				8324F248230E8E0A0021AB0E /* AppDelegate.swift */,
				8324F24A230E8E0A0021AB0E /* SceneDelegate.swift */,
				8324F24C230E8E0A0021AB0E /* ViewController.swift */,
				8324F24E230E8E0A0021AB0E /* Main.storyboard */,
				8324F251230E8E0E0021AB0E /* Assets.xcassets */,
				8324F253230E8E0E0021AB0E /* LaunchScreen.storyboard */,
				8324F256230E8E0E0021AB0E /* Info.plist */,
			);
			path = OrderDrinkProject;
			sourceTree = "<group>";
		};
/* End PBXGroup section */

/* Begin PBXNativeTarget section */
		8324F244230E8E0A0021AB0E /* OrderDrinkProject */ = {
			isa = PBXNativeTarget;
			buildConfigurationList = 8324F259230E8E0E0021AB0E /* Build configuration list for PBXNativeTarget "OrderDrinkProject" */;
			buildPhases = (
				8324F241230E8E0A0021AB0E /* Sources */,
				8324F242230E8E0A0021AB0E /* Frameworks */,
				8324F243230E8E0A0021AB0E /* Resources */,
			);
			buildRules = (
			);
			dependencies = (
			);
			name = OrderDrinkProject;
			productName = OrderDrinkProject;
			productReference = 8324F245230E8E0A0021AB0E /* OrderDrinkProject.app */;
			productType = "com.apple.product-type.application";
		};
/* End PBXNativeTarget section */

/* Begin PBXProject section */
		8324F23D230E8E0A0021AB0E /* Project object */ = {
			isa = PBXProject;
			attributes = {
				LastSwiftUpdateCheck = 1100;
				LastUpgradeCheck = 1100;
				ORGANIZATIONNAME = "Kyowa Kirin";
				TargetAttributes = {
					8324F244230E8E0A0021AB0E = {
						CreatedOnToolsVersion = 11.0;
					};
				};
			};
			buildConfigurationList = 8324F240230E8E0A0021AB0E /* Build configuration list for PBXProject "OrderDrinkProject" */;
			compatibilityVersion = "Xcode 9.3";
			developmentRegion = en;
			hasScannedForEncodings = 0;
			knownRegions = (
				en,
				Base,
			);
			mainGroup = 8324F23C230E8E0A0021AB0E;
			productRefGroup = 8324F246230E8E0A0021AB0E /* Products */;
			projectDirPath = "";
			projectRoot = "";
			targets = (
				8324F244230E8E0A0021AB0E /* OrderDrinkProject */,
			);
		};
/* End PBXProject section */

/* Begin PBXResourcesBuildPhase section */
		8324F243230E8E0A0021AB0E /* Resources */ = {
			isa = PBXResourcesBuildPhase;
			buildActionMask = 2147483647;
			files = (
				8324F255230E8E0E0021AB0E /* LaunchScreen.storyboard in Resources */,
				8324F252230E8E0E0021AB0E /* Assets.xcassets in Resources */,
				8324F250230E8E0A0021AB0E /* Main.storyboard in Resources */,
			);
			runOnlyForDeploymentPostprocessing = 0;
		};
/* End PBXResourcesBuildPhase section */

/* Begin PBXSourcesBuildPhase section */
		8324F241230E8E0A0021AB0E /* Sources */ = {
			isa = PBXSourcesBuildPhase;
			buildActionMask = 2147483647;
			files = (
				8324F24D230E8E0A0021AB0E /* ViewController.swift in Sources */,
				8324F249230E8E0A0021AB0E /* AppDelegate.swift in Sources */,
				8324F24B230E8E0A0021AB0E /* SceneDelegate.swift in Sources */,
			);
			runOnlyForDeploymentPostprocessing = 0;
		};
/* End PBXSourcesBuildPhase section */

/* Begin PBXVariantGroup section */
		8324F24E230E8E0A0021AB0E /* Main.storyboard */ = {
			isa = PBXVariantGroup;
			children = (
				8324F24F230E8E0A0021AB0E /* Base */,
			);
			name = Main.storyboard;
			sourceTree = "<group>";
		};
		8324F253230E8E0E0021AB0E /* LaunchScreen.storyboard */ = {
			isa = PBXVariantGroup;
			children = (
				8324F254230E8E0E0021AB0E /* Base */,
			);
			name = LaunchScreen.storyboard;
			sourceTree = "<group>";
		};
/* End PBXVariantGroup section */

/* Begin XCBuildConfiguration section */
		8324F257230E8E0E0021AB0E /* Debug */ = {
			isa = XCBuildConfiguration;
			buildSettings = {
				ALWAYS_SEARCH_USER_PATHS = NO;
				CLANG_ANALYZER_NONNULL = YES;
				CLANG_ANALYZER_NUMBER_OBJECT_CONVERSION = YES_AGGRESSIVE;
				CLANG_CXX_LANGUAGE_STANDARD = "gnu++14";
				CLANG_CXX_LIBRARY = "libc++";
				CLANG_ENABLE_MODULES = YES;
				CLANG_ENABLE_OBJC_ARC = YES;
				CLANG_ENABLE_OBJC_WEAK = YES;
				CLANG_WARN_BLOCK_CAPTURE_AUTORELEASING = YES;
				CLANG_WARN_BOOL_CONVERSION = YES;
				CLANG_WARN_COMMA = YES;
				CLANG_WARN_CONSTANT_CONVERSION = YES;
				CLANG_WARN_DEPRECATED_OBJC_IMPLEMENTATIONS = YES;
				CLANG_WARN_DIRECT_OBJC_ISA_USAGE = YES_ERROR;
				CLANG_WARN_DOCUMENTATION_COMMENTS = YES;
				CLANG_WARN_EMPTY_BODY = YES;
				CLANG_WARN_ENUM_CONVERSION = YES;
				CLANG_WARN_INFINITE_RECURSION = YES;
				CLANG_WARN_INT_CONVERSION = YES;
				CLANG_WARN_NON_LITERAL_NULL_CONVERSION = YES;
				CLANG_WARN_OBJC_IMPLICIT_RETAIN_SELF = YES;
				CLANG_WARN_OBJC_LITERAL_CONVERSION = YES;
				CLANG_WARN_OBJC_ROOT_CLASS = YES_ERROR;
				CLANG_WARN_RANGE_LOOP_ANALYSIS = YES;
				CLANG_WARN_STRICT_PROTOTYPES = YES;
				CLANG_WARN_SUSPICIOUS_MOVE = YES;
				CLANG_WARN_UNGUARDED_AVAILABILITY = YES_AGGRESSIVE;
				CLANG_WARN_UNREACHABLE_CODE = YES;
				CLANG_WARN__DUPLICATE_METHOD_MATCH = YES;
				COPY_PHASE_STRIP = NO;
				DEBUG_INFORMATION_FORMAT = dwarf;
				ENABLE_STRICT_OBJC_MSGSEND = YES;
				ENABLE_TESTABILITY = YES;
				GCC_C_LANGUAGE_STANDARD = gnu11;
				GCC_DYNAMIC_NO_PIC = NO;
				GCC_NO_COMMON_BLOCKS = YES;
				GCC_OPTIMIZATION_LEVEL = 0;
				GCC_PREPROCESSOR_DEFINITIONS = (
					"DEBUG=1",
					"$(inherited)",
				);
				GCC_WARN_64_TO_32_BIT_CONVERSION = YES;
				GCC_WARN_ABOUT_RETURN_TYPE = YES_ERROR;
				GCC_WARN_UNDECLARED_SELECTOR = YES;
				GCC_WARN_UNINITIALIZED_AUTOS = YES_AGGRESSIVE;
				GCC_WARN_UNUSED_FUNCTION = YES;
				GCC_WARN_UNUSED_VARIABLE = YES;
				IPHONEOS_DEPLOYMENT_TARGET = 13.0;
				MTL_ENABLE_DEBUG_INFO = INCLUDE_SOURCE;
				MTL_FAST_MATH = YES;
				ONLY_ACTIVE_ARCH = YES;
				SDKROOT = iphoneos;
				SWIFT_ACTIVE_COMPILATION_CONDITIONS = DEBUG;
				SWIFT_OPTIMIZATION_LEVEL = "-Onone";
			};
			name = Debug;
		};
		8324F258230E8E0E0021AB0E /* Release */ = {
			isa = XCBuildConfiguration;
			buildSettings = {
				ALWAYS_SEARCH_USER_PATHS = NO;
				CLANG_ANALYZER_NONNULL = YES;
				CLANG_ANALYZER_NUMBER_OBJECT_CONVERSION = YES_AGGRESSIVE;
				CLANG_CXX_LANGUAGE_STANDARD = "gnu++14";
				CLANG_CXX_LIBRARY = "libc++";
				CLANG_ENABLE_MODULES = YES;
				CLANG_ENABLE_OBJC_ARC = YES;
				CLANG_ENABLE_OBJC_WEAK = YES;
				CLANG_WARN_BLOCK_CAPTURE_AUTORELEASING = YES;
				CLANG_WARN_BOOL_CONVERSION = YES;
				CLANG_WARN_COMMA = YES;
				CLANG_WARN_CONSTANT_CONVERSION = YES;
				CLANG_WARN_DEPRECATED_OBJC_IMPLEMENTATIONS = YES;
				CLANG_WARN_DIRECT_OBJC_ISA_USAGE = YES_ERROR;
				CLANG_WARN_DOCUMENTATION_COMMENTS = YES;
				CLANG_WARN_EMPTY_BODY = YES;
				CLANG_WARN_ENUM_CONVERSION = YES;
				CLANG_WARN_INFINITE_RECURSION = YES;
				CLANG_WARN_INT_CONVERSION = YES;
				CLANG_WARN_NON_LITERAL_NULL_CONVERSION = YES;
				CLANG_WARN_OBJC_IMPLICIT_RETAIN_SELF = YES;
				CLANG_WARN_OBJC_LITERAL_CONVERSION = YES;
				CLANG_WARN_OBJC_ROOT_CLASS = YES_ERROR;
				CLANG_WARN_RANGE_LOOP_ANALYSIS = YES;
				CLANG_WARN_STRICT_PROTOTYPES = YES;
				CLANG_WARN_SUSPICIOUS_MOVE = YES;
				CLANG_WARN_UNGUARDED_AVAILABILITY = YES_AGGRESSIVE;
				CLANG_WARN_UNREACHABLE_CODE = YES;
				CLANG_WARN__DUPLICATE_METHOD_MATCH = YES;
				COPY_PHASE_STRIP = NO;
				DEBUG_INFORMATION_FORMAT = "dwarf-with-dsym";
				ENABLE_NS_ASSERTIONS = NO;
				ENABLE_STRICT_OBJC_MSGSEND = YES;
				GCC_C_LANGUAGE_STANDARD = gnu11;
				GCC_NO_COMMON_BLOCKS = YES;
				GCC_WARN_64_TO_32_BIT_CONVERSION = YES;
				GCC_WARN_ABOUT_RETURN_TYPE = YES_ERROR;
				GCC_WARN_UNDECLARED_SELECTOR = YES;
				GCC_WARN_UNINITIALIZED_AUTOS = YES_AGGRESSIVE;
				GCC_WARN_UNUSED_FUNCTION = YES;
				GCC_WARN_UNUSED_VARIABLE = YES;
				IPHONEOS_DEPLOYMENT_TARGET = 13.0;
				MTL_ENABLE_DEBUG_INFO = NO;
				MTL_FAST_MATH = YES;
				SDKROOT = iphoneos;
				SWIFT_COMPILATION_MODE = wholemodule;
				SWIFT_OPTIMIZATION_LEVEL = "-O";
				VALIDATE_PRODUCT = YES;
			};
			name = Release;
		};
		8324F25A230E8E0E0021AB0E /* Debug */ = {
			isa = XCBuildConfiguration;
			buildSettings = {
				ASSETCATALOG_COMPILER_APPICON_NAME = AppIcon;
				CODE_SIGN_STYLE = Automatic;
				INFOPLIST_FILE = OrderDrinkProject/Info.plist;
				LD_RUNPATH_SEARCH_PATHS = (
					"$(inherited)",
					"@executable_path/Frameworks",
				);
				PRODUCT_BUNDLE_IDENTIFIER = com.kyowakirin.OrderDrinkProject;
				PRODUCT_NAME = "$(TARGET_NAME)";
				SWIFT_VERSION = 5.0;
				TARGETED_DEVICE_FAMILY = "1,2";
			};
			name = Debug;
		};
		8324F25B230E8E0E0021AB0E /* Release */ = {
			isa = XCBuildConfiguration;
			buildSettings = {
				ASSETCATALOG_COMPILER_APPICON_NAME = AppIcon;
				CODE_SIGN_STYLE = Automatic;
				INFOPLIST_FILE = OrderDrinkProject/Info.plist;
				LD_RUNPATH_SEARCH_PATHS = (
					"$(inherited)",
					"@executable_path/Frameworks",
				);
				PRODUCT_BUNDLE_IDENTIFIER = com.kyowakirin.OrderDrinkProject;
				PRODUCT_NAME = "$(TARGET_NAME)";
				SWIFT_VERSION = 5.0;
				TARGETED_DEVICE_FAMILY = "1,2";
			};
			name = Release;
		};
/* End XCBuildConfiguration section */

/* Begin XCConfigurationList section */
		8324F240230E8E0A0021AB0E /* Build configuration list for PBXProject "OrderDrinkProject" */ = {
			isa = XCConfigurationList;
			buildConfigurations = (
				8324F257230E8E0E0021AB0E /* Debug */,
				8324F258230E8E0E0021AB0E /* Release */,
			);
			defaultConfigurationIsVisible = 0;
			defaultConfigurationName = Release;
		};
		8324F259230E8E0E0021AB0E /* Build configuration list for PBXNativeTarget "OrderDrinkProject" */ = {
			isa = XCConfigurationList;
			buildConfigurations = (
				8324F25A230E8E0E0021AB0E /* Debug */,
				8324F25B230E8E0E0021AB0E /* Release */,
			);
			defaultConfigurationIsVisible = 0;
			defaultConfigurationName = Release;
		};
/* End XCConfigurationList section */
	};
	rootObject = 8324F23D230E8E0A0021AB0E /* Project object */;
}
